
Microsoft Visual Studio Solution File, Format Version 12.00
# Visual Studio 15
VisualStudioVersion = 15.0.27130.2027
MinimumVisualStudioVersion = 10.0.40219.1
Project("{FAE04EC0-301F-11D3-BF4B-00C04F79EFBC}") = "Epicture", "Epicture\Epicture.csproj", "{E05D81BC-0A4D-4CCE-AED1-062F5C0622F9}"
EndProject
Global
	GlobalSection(SolutionConfigurationPlatforms) = preSolution
		Debug|Any CPU = Debug|Any CPU
		Release|Any CPU = Release|Any CPU
	EndGlobalSection
	GlobalSection(ProjectConfigurationPlatforms) = postSolution
		{E05D81BC-0A4D-4CCE-AED1-062F5C0622F9}.Debug|Any CPU.ActiveCfg = Debug|Any CPU
		{E05D81BC-0A4D-4CCE-AED1-062F5C0622F9}.Debug|Any CPU.Build.0 = Debug|Any CPU
		{E05D81BC-0A4D-4CCE-AED1-062F5C0622F9}.Release|Any CPU.ActiveCfg = Release|Any CPU
		{E05D81BC-0A4D-4CCE-AED1-062F5C0622F9}.Release|Any CPU.Build.0 = Release|Any CPU
	EndGlobalSection
	GlobalSection(SolutionProperties) = preSolution
		HideSolutionNode = FALSE
	EndGlobalSection
	GlobalSection(ExtensibilityGlobals) = postSolution
		SolutionGuid = {A8019C01-FF93-42E1-BA4F-8876430C2E05}
	EndGlobalSection
EndGlobal
